Microsoft Visual Studio Solution File, Format Version 12.00
# Visual Studio Version 17
VisualStudioVersion = 17.5.2.0
MinimumVisualStudioVersion = 10.0.40219.1
Project("{FAE04EC0-301F-11D3-BF4B-00C04F79EFBC}") = "EncuestasApp", "EncuestasApp\EncuestasApp.csproj", "{3666AF4B-357F-7842-2CC1-0226E2E303B7}"
EndProject
Global
	GlobalSection(SolutionConfigurationPlatforms) = preSolution
		Debug|Any CPU = Debug|Any CPU
		Release|Any CPU = Release|Any CPU
	EndGlobalSection
	GlobalSection(ProjectConfigurationPlatforms) = postSolution
		{3666AF4B-357F-7842-2CC1-0226E2E303B7}.Debug|Any CPU.ActiveCfg = Debug|Any CPU
		{3666AF4B-357F-7842-2CC1-0226E2E303B7}.Debug|Any CPU.Build.0 = Debug|Any CPU
		{3666AF4B-357F-7842-2CC1-0226E2E303B7}.Release|Any CPU.ActiveCfg = Release|Any CPU
		{3666AF4B-357F-7842-2CC1-0226E2E303B7}.Release|Any CPU.Build.0 = Release|Any CPU
	EndGlobalSection
	GlobalSection(SolutionProperties) = preSolution
		HideSolutionNode = FALSE
	EndGlobalSection
	GlobalSection(ExtensibilityGlobals) = postSolution
		SolutionGuid = {B0B54F5D-46A1-4CE5-93E8-2626CCD55301}
	EndGlobalSection
EndGlobal
