Microsoft Visual Studio Solution File, Format Version 12.00
# Visual Studio Version 17
VisualStudioVersion = 17.5.2.0
MinimumVisualStudioVersion = 10.0.40219.1
Project("{FAE04EC0-301F-11D3-BF4B-00C04F79EFBC}") = "Sistema", "Sistema\Sistema.csproj", "{15EEF677-9D03-A641-57A2-60ED5A56BAC2}"
EndProject
Global
	GlobalSection(SolutionConfigurationPlatforms) = preSolution
		Debug|Any CPU = Debug|Any CPU
		Release|Any CPU = Release|Any CPU
	EndGlobalSection
	GlobalSection(ProjectConfigurationPlatforms) = postSolution
		{15EEF677-9D03-A641-57A2-60ED5A56BAC2}.Debug|Any CPU.ActiveCfg = Debug|Any CPU
		{15EEF677-9D03-A641-57A2-60ED5A56BAC2}.Debug|Any CPU.Build.0 = Debug|Any CPU
		{15EEF677-9D03-A641-57A2-60ED5A56BAC2}.Release|Any CPU.ActiveCfg = Release|Any CPU
		{15EEF677-9D03-A641-57A2-60ED5A56BAC2}.Release|Any CPU.Build.0 = Release|Any CPU
	EndGlobalSection
	GlobalSection(SolutionProperties) = preSolution
		HideSolutionNode = FALSE
	EndGlobalSection
	GlobalSection(ExtensibilityGlobals) = postSolution
		SolutionGuid = {8895816B-2BF3-4FE2-81AA-FEE08C21C217}
	EndGlobalSection
EndGlobal
