Microsoft Visual Studio Solution File, Format Version 12.00
# Visual Studio Version 17
VisualStudioVersion = 17.5.2.0
MinimumVisualStudioVersion = 10.0.40219.1
Project("{FAE04EC0-301F-11D3-BF4B-00C04F79EFBC}") = "GestorTareas", "GestorTareas\GestorTareas.csproj", "{523B2374-83F4-4721-D268-ABA486D7F251}"
EndProject
Global
	GlobalSection(SolutionConfigurationPlatforms) = preSolution
		Debug|Any CPU = Debug|Any CPU
		Release|Any CPU = Release|Any CPU
	EndGlobalSection
	GlobalSection(ProjectConfigurationPlatforms) = postSolution
		{523B2374-83F4-4721-D268-ABA486D7F251}.Debug|Any CPU.ActiveCfg = Debug|Any CPU
		{523B2374-83F4-4721-D268-ABA486D7F251}.Debug|Any CPU.Build.0 = Debug|Any CPU
		{523B2374-83F4-4721-D268-ABA486D7F251}.Release|Any CPU.ActiveCfg = Release|Any CPU
		{523B2374-83F4-4721-D268-ABA486D7F251}.Release|Any CPU.Build.0 = Release|Any CPU
	EndGlobalSection
	GlobalSection(SolutionProperties) = preSolution
		HideSolutionNode = FALSE
	EndGlobalSection
	GlobalSection(ExtensibilityGlobals) = postSolution
		SolutionGuid = {23F9561E-13D2-4924-B6A5-09605C67AB5A}
	EndGlobalSection
EndGlobal
